
Microsoft Visual Studio Solution File, Format Version 12.00
# Visual Studio Version 16
VisualStudioVersion = 16.0.30204.135
MinimumVisualStudioVersion = 10.0.40219.1
Project("{FAE04EC0-301F-11D3-BF4B-00C04F79EFBC}") = "LoginGit.Web", "LoginGit.Web\LoginGit.Web.csproj", "{820CCED0-465E-4B70-A277-62A1AD8C4752}"
EndProject
Project("{FAE04EC0-301F-11D3-BF4B-00C04F79EFBC}") = "AccesoDatos", "AccesoDatos\AccesoDatos.csproj", "{584BD661-3715-40F8-A345-21FC3F3D5490}"
EndProject
Project("{FAE04EC0-301F-11D3-BF4B-00C04F79EFBC}") = "LogicaNegocio", "LogicaNegocio\LogicaNegocio.csproj", "{917E7547-4415-4E25-A273-4BE7A1462CA5}"
EndProject
Global
	GlobalSection(SolutionConfigurationPlatforms) = preSolution
		Debug|Any CPU = Debug|Any CPU
		Release|Any CPU = Release|Any CPU
	EndGlobalSection
	GlobalSection(ProjectConfigurationPlatforms) = postSolution
		{820CCED0-465E-4B70-A277-62A1AD8C4752}.Debug|Any CPU.ActiveCfg = Debug|Any CPU
		{820CCED0-465E-4B70-A277-62A1AD8C4752}.Debug|Any CPU.Build.0 = Debug|Any CPU
		{820CCED0-465E-4B70-A277-62A1AD8C4752}.Release|Any CPU.ActiveCfg = Release|Any CPU
		{820CCED0-465E-4B70-A277-62A1AD8C4752}.Release|Any CPU.Build.0 = Release|Any CPU
		{584BD661-3715-40F8-A345-21FC3F3D5490}.Debug|Any CPU.ActiveCfg = Debug|Any CPU
		{584BD661-3715-40F8-A345-21FC3F3D5490}.Debug|Any CPU.Build.0 = Debug|Any CPU
		{584BD661-3715-40F8-A345-21FC3F3D5490}.Release|Any CPU.ActiveCfg = Release|Any CPU
		{584BD661-3715-40F8-A345-21FC3F3D5490}.Release|Any CPU.Build.0 = Release|Any CPU
		{917E7547-4415-4E25-A273-4BE7A1462CA5}.Debug|Any CPU.ActiveCfg = Debug|Any CPU
		{917E7547-4415-4E25-A273-4BE7A1462CA5}.Debug|Any CPU.Build.0 = Debug|Any CPU
		{917E7547-4415-4E25-A273-4BE7A1462CA5}.Release|Any CPU.ActiveCfg = Release|Any CPU
		{917E7547-4415-4E25-A273-4BE7A1462CA5}.Release|Any CPU.Build.0 = Release|Any CPU
	EndGlobalSection
	GlobalSection(SolutionProperties) = preSolution
		HideSolutionNode = FALSE
	EndGlobalSection
	GlobalSection(ExtensibilityGlobals) = postSolution
		SolutionGuid = {639A4F01-9C2C-4B2E-8B21-1D7FA701E272}
	EndGlobalSection
EndGlobal
